
Microsoft Visual Studio Solution File, Format Version 12.00
# Visual Studio Version 16
VisualStudioVersion = 16.0.29326.143
MinimumVisualStudioVersion = 10.0.40219.1
Project("{FAE04EC0-301F-11D3-BF4B-00C04F79EFBC}") = "DixonBriones3A", "DixonBriones3A\DixonBriones3A.csproj", "{5AFD9FCB-DCFC-40A1-BE67-C69FCC5604FA}"
EndProject
Global
	GlobalSection(SolutionConfigurationPlatforms) = preSolution
		Debug|Any CPU = Debug|Any CPU
		Release|Any CPU = Release|Any CPU
	EndGlobalSection
	GlobalSection(ProjectConfigurationPlatforms) = postSolution
		{5AFD9FCB-DCFC-40A1-BE67-C69FCC5604FA}.Debug|Any CPU.ActiveCfg = Debug|Any CPU
		{5AFD9FCB-DCFC-40A1-BE67-C69FCC5604FA}.Debug|Any CPU.Build.0 = Debug|Any CPU
		{5AFD9FCB-DCFC-40A1-BE67-C69FCC5604FA}.Release|Any CPU.ActiveCfg = Release|Any CPU
		{5AFD9FCB-DCFC-40A1-BE67-C69FCC5604FA}.Release|Any CPU.Build.0 = Release|Any CPU
	EndGlobalSection
	GlobalSection(SolutionProperties) = preSolution
		HideSolutionNode = FALSE
	EndGlobalSection
	GlobalSection(ExtensibilityGlobals) = postSolution
		SolutionGuid = {1FC59F66-53A9-436F-B40B-D1EFB1DE6141}
	EndGlobalSection
EndGlobal
